
Microsoft Visual Studio Solution File, Format Version 12.00
# Visual Studio Version 17
VisualStudioVersion = 17.3.32922.545
MinimumVisualStudioVersion = 10.0.40219.1
Project("{FAE04EC0-301F-11D3-BF4B-00C04F79EFBC}") = "Api_Project", "Api_Project\Api_Project.csproj", "{6F2217D4-5DF2-45A8-B483-4945A617BB26}"
EndProject
Global
	GlobalSection(SolutionConfigurationPlatforms) = preSolution
		Debug|Any CPU = Debug|Any CPU
		Release|Any CPU = Release|Any CPU
	EndGlobalSection
	GlobalSection(ProjectConfigurationPlatforms) = postSolution
		{6F2217D4-5DF2-45A8-B483-4945A617BB26}.Debug|Any CPU.ActiveCfg = Debug|Any CPU
		{6F2217D4-5DF2-45A8-B483-4945A617BB26}.Debug|Any CPU.Build.0 = Debug|Any CPU
		{6F2217D4-5DF2-45A8-B483-4945A617BB26}.Release|Any CPU.ActiveCfg = Release|Any CPU
		{6F2217D4-5DF2-45A8-B483-4945A617BB26}.Release|Any CPU.Build.0 = Release|Any CPU
	EndGlobalSection
	GlobalSection(SolutionProperties) = preSolution
		HideSolutionNode = FALSE
	EndGlobalSection
	GlobalSection(ExtensibilityGlobals) = postSolution
		SolutionGuid = {750E0ADC-5355-4A16-8E2D-05A40519D5E3}
	EndGlobalSection
EndGlobal
